
Microsoft Visual Studio Solution File, Format Version 12.00
# Visual Studio Version 17
VisualStudioVersion = 17.3.32929.385
MinimumVisualStudioVersion = 10.0.40219.1
Project("{FAE04EC0-301F-11D3-BF4B-00C04F79EFBC}") = "RestWithAspNetUdemy_Calculadora", "RestWithAspNetUdemy_Calculadora\RestWithAspNetUdemy_Calculadora.csproj", "{2AA8C92E-133E-443D-9F54-ECDBDC7C84D3}"
EndProject
Global
	GlobalSection(SolutionConfigurationPlatforms) = preSolution
		Debug|Any CPU = Debug|Any CPU
		Release|Any CPU = Release|Any CPU
	EndGlobalSection
	GlobalSection(ProjectConfigurationPlatforms) = postSolution
		{2AA8C92E-133E-443D-9F54-ECDBDC7C84D3}.Debug|Any CPU.ActiveCfg = Debug|Any CPU
		{2AA8C92E-133E-443D-9F54-ECDBDC7C84D3}.Debug|Any CPU.Build.0 = Debug|Any CPU
		{2AA8C92E-133E-443D-9F54-ECDBDC7C84D3}.Release|Any CPU.ActiveCfg = Release|Any CPU
		{2AA8C92E-133E-443D-9F54-ECDBDC7C84D3}.Release|Any CPU.Build.0 = Release|Any CPU
	EndGlobalSection
	GlobalSection(SolutionProperties) = preSolution
		HideSolutionNode = FALSE
	EndGlobalSection
	GlobalSection(ExtensibilityGlobals) = postSolution
		SolutionGuid = {1A9B1EB5-7264-49ED-8446-EA4F60B229D8}
	EndGlobalSection
EndGlobal
