
Microsoft Visual Studio Solution File, Format Version 12.00
# Visual Studio Version 17
VisualStudioVersion = 17.3.32929.385
MinimumVisualStudioVersion = 10.0.40219.1
Project("{FAE04EC0-301F-11D3-BF4B-00C04F79EFBC}") = "RestWithAspNetUdemy_Scaffold", "RestWithAspNetUdemy_Scaffold\RestWithAspNetUdemy_Scaffold.csproj", "{971123EF-D74D-4951-87B5-4F3783DEFD5B}"
EndProject
Global
	GlobalSection(SolutionConfigurationPlatforms) = preSolution
		Debug|Any CPU = Debug|Any CPU
		Release|Any CPU = Release|Any CPU
	EndGlobalSection
	GlobalSection(ProjectConfigurationPlatforms) = postSolution
		{971123EF-D74D-4951-87B5-4F3783DEFD5B}.Debug|Any CPU.ActiveCfg = Debug|Any CPU
		{971123EF-D74D-4951-87B5-4F3783DEFD5B}.Debug|Any CPU.Build.0 = Debug|Any CPU
		{971123EF-D74D-4951-87B5-4F3783DEFD5B}.Release|Any CPU.ActiveCfg = Release|Any CPU
		{971123EF-D74D-4951-87B5-4F3783DEFD5B}.Release|Any CPU.Build.0 = Release|Any CPU
	EndGlobalSection
	GlobalSection(SolutionProperties) = preSolution
		HideSolutionNode = FALSE
	EndGlobalSection
	GlobalSection(ExtensibilityGlobals) = postSolution
		SolutionGuid = {008BB68F-3630-40FE-9D72-6C5A5E34B870}
	EndGlobalSection
EndGlobal
